{
    "_meta": {
        "hash": {
            "sha256": "1a1f0d39e35405799bcfe5ecea607cd9600ef92c54af74d6878de14ad7868fcf"
        },
        "pipfile-spec": 6,
        "requires": {
            "python_version": "3.12"
        },
        "sources": [
            {
                "name": "pypi",
                "url": "https://pypi.org/simple",
                "verify_ssl": true
            }
        ]
    },
    "default": {
        "certifi": {
            "hashes": [
                "sha256:0a816057ea3cdefcef70270d2c515e4506bbc954f417fa5ade2021213bb8f0c6",
                "sha256:30350364dfe371162649852c63336a15c70c6510c2ad5015b21c2345311805f3"
            ],
            "markers": "python_version >= '3.6'",
            "version": "==2025.4.26"
        },
        "charset-normalizer": {
            "hashes": [
                "sha256:005fa3432484527f9732ebd315da8da8001593e2cf46a3d817669f062c3d9ed4",
                "sha256:046595208aae0120559a67693ecc65dd75d46f7bf687f159127046628178dc45",
                "sha256:0c29de6a1a95f24b9a1aa7aefd27d2487263f00dfd55a77719b530788f75cff7",
                "sha256:0c8c57f84ccfc871a48a47321cfa49ae1df56cd1d965a09abe84066f6853b9c0",
                "sha256:0f5d9ed7f254402c9e7d35d2f5972c9bbea9040e99cd2861bd77dc68263277c7",
                "sha256:18dd2e350387c87dabe711b86f83c9c78af772c748904d372ade190b5c7c9d4d",
                "sha256:1b1bde144d98e446b056ef98e59c256e9294f6b74d7af6846bf5ffdafd687a7d",
                "sha256:1c95a1e2902a8b722868587c0e1184ad5c55631de5afc0eb96bc4b0d738092c0",
                "sha256:1cad5f45b3146325bb38d6855642f6fd609c3f7cad4dbaf75549bf3b904d3184",
                "sha256:21b2899062867b0e1fde9b724f8aecb1af14f2778d69aacd1a5a1853a597a5db",
                "sha256:24498ba8ed6c2e0b56d4acbf83f2d989720a93b41d712ebd4f4979660db4417b",
                "sha256:25a23ea5c7edc53e0f29bae2c44fcb5a1aa10591aae107f2a2b2583a9c5cbc64",
                "sha256:289200a18fa698949d2b39c671c2cc7a24d44096784e76614899a7ccf2574b7b",
                "sha256:28a1005facc94196e1fb3e82a3d442a9d9110b8434fc1ded7a24a2983c9888d8",
                "sha256:32fc0341d72e0f73f80acb0a2c94216bd704f4f0bce10aedea38f30502b271ff",
                "sha256:36b31da18b8890a76ec181c3cf44326bf2c48e36d393ca1b72b3f484113ea344",
                "sha256:3c21d4fca343c805a52c0c78edc01e3477f6dd1ad7c47653241cf2a206d4fc58",
                "sha256:3fddb7e2c84ac87ac3a947cb4e66d143ca5863ef48e4a5ecb83bd48619e4634e",
                "sha256:43e0933a0eff183ee85833f341ec567c0980dae57c464d8a508e1b2ceb336471",
                "sha256:4a476b06fbcf359ad25d34a057b7219281286ae2477cc5ff5e3f70a246971148",
                "sha256:4e594135de17ab3866138f496755f302b72157d115086d100c3f19370839dd3a",
                "sha256:50bf98d5e563b83cc29471fa114366e6806bc06bc7a25fd59641e41445327836",
                "sha256:5a9979887252a82fefd3d3ed2a8e3b937a7a809f65dcb1e068b090e165bbe99e",
                "sha256:5baececa9ecba31eff645232d59845c07aa030f0c81ee70184a90d35099a0e63",
                "sha256:5bf4545e3b962767e5c06fe1738f951f77d27967cb2caa64c28be7c4563e162c",
                "sha256:6333b3aa5a12c26b2a4d4e7335a28f1475e0e5e17d69d55141ee3cab736f66d1",
                "sha256:65c981bdbd3f57670af8b59777cbfae75364b483fa8a9f420f08094531d54a01",
                "sha256:68a328e5f55ec37c57f19ebb1fdc56a248db2e3e9ad769919a58672958e8f366",
                "sha256:6a0289e4589e8bdfef02a80478f1dfcb14f0ab696b5a00e1f4b8a14a307a3c58",
                "sha256:6b66f92b17849b85cad91259efc341dce9c1af48e2173bf38a85c6329f1033e5",
                "sha256:6c9379d65defcab82d07b2a9dfbfc2e95bc8fe0ebb1b176a3190230a3ef0e07c",
                "sha256:6fc1f5b51fa4cecaa18f2bd7a003f3dd039dd615cd69a2afd6d3b19aed6775f2",
                "sha256:70f7172939fdf8790425ba31915bfbe8335030f05b9913d7ae00a87d4395620a",
                "sha256:721c76e84fe669be19c5791da68232ca2e05ba5185575086e384352e2c309597",
                "sha256:7222ffd5e4de8e57e03ce2cef95a4c43c98fcb72ad86909abdfc2c17d227fc1b",
                "sha256:75d10d37a47afee94919c4fab4c22b9bc2a8bf7d4f46f87363bcf0573f3ff4f5",
                "sha256:76af085e67e56c8816c3ccf256ebd136def2ed9654525348cfa744b6802b69eb",
                "sha256:770cab594ecf99ae64c236bc9ee3439c3f46be49796e265ce0cc8bc17b10294f",
                "sha256:7a6ab32f7210554a96cd9e33abe3ddd86732beeafc7a28e9955cdf22ffadbab0",
                "sha256:7c48ed483eb946e6c04ccbe02c6b4d1d48e51944b6db70f697e089c193404941",
                "sha256:7f56930ab0abd1c45cd15be65cc741c28b1c9a34876ce8c17a2fa107810c0af0",
                "sha256:8075c35cd58273fee266c58c0c9b670947c19df5fb98e7b66710e04ad4e9ff86",
                "sha256:8272b73e1c5603666618805fe821edba66892e2870058c94c53147602eab29c7",
                "sha256:82d8fd25b7f4675d0c47cf95b594d4e7b158aca33b76aa63d07186e13c0e0ab7",
                "sha256:844da2b5728b5ce0e32d863af26f32b5ce61bc4273a9c720a9f3aa9df73b1455",
                "sha256:8755483f3c00d6c9a77f490c17e6ab0c8729e39e6390328e42521ef175380ae6",
                "sha256:915f3849a011c1f593ab99092f3cecfcb4d65d8feb4a64cf1bf2d22074dc0ec4",
                "sha256:926ca93accd5d36ccdabd803392ddc3e03e6d4cd1cf17deff3b989ab8e9dbcf0",
                "sha256:982bb1e8b4ffda883b3d0a521e23abcd6fd17418f6d2c4118d257a10199c0ce3",
                "sha256:98f862da73774290f251b9df8d11161b6cf25b599a66baf087c1ffe340e9bfd1",
                "sha256:9cbfacf36cb0ec2897ce0ebc5d08ca44213af24265bd56eca54bee7923c48fd6",
                "sha256:a370b3e078e418187da8c3674eddb9d983ec09445c99a3a263c2011993522981",
                "sha256:a955b438e62efdf7e0b7b52a64dc5c3396e2634baa62471768a64bc2adb73d5c",
                "sha256:aa6af9e7d59f9c12b33ae4e9450619cf2488e2bbe9b44030905877f0b2324980",
                "sha256:aa88ca0b1932e93f2d961bf3addbb2db902198dca337d88c89e1559e066e7645",
                "sha256:aaeeb6a479c7667fbe1099af9617c83aaca22182d6cf8c53966491a0f1b7ffb7",
                "sha256:aaf27faa992bfee0264dc1f03f4c75e9fcdda66a519db6b957a3f826e285cf12",
                "sha256:b2680962a4848b3c4f155dc2ee64505a9c57186d0d56b43123b17ca3de18f0fa",
                "sha256:b2d318c11350e10662026ad0eb71bb51c7812fc8590825304ae0bdd4ac283acd",
                "sha256:b33de11b92e9f75a2b545d6e9b6f37e398d86c3e9e9653c4864eb7e89c5773ef",
                "sha256:b3daeac64d5b371dea99714f08ffc2c208522ec6b06fbc7866a450dd446f5c0f",
                "sha256:be1e352acbe3c78727a16a455126d9ff83ea2dfdcbc83148d2982305a04714c2",
                "sha256:bee093bf902e1d8fc0ac143c88902c3dfc8941f7ea1d6a8dd2bcb786d33db03d",
                "sha256:c72fbbe68c6f32f251bdc08b8611c7b3060612236e960ef848e0a517ddbe76c5",
                "sha256:c9e36a97bee9b86ef9a1cf7bb96747eb7a15c2f22bdb5b516434b00f2a599f02",
                "sha256:cddf7bd982eaa998934a91f69d182aec997c6c468898efe6679af88283b498d3",
                "sha256:cf713fe9a71ef6fd5adf7a79670135081cd4431c2943864757f0fa3a65b1fafd",
                "sha256:d11b54acf878eef558599658b0ffca78138c8c3655cf4f3a4a673c437e67732e",
                "sha256:d41c4d287cfc69060fa91cae9683eacffad989f1a10811995fa309df656ec214",
                "sha256:d524ba3f1581b35c03cb42beebab4a13e6cdad7b36246bd22541fa585a56cccd",
                "sha256:daac4765328a919a805fa5e2720f3e94767abd632ae410a9062dff5412bae65a",
                "sha256:db4c7bf0e07fc3b7d89ac2a5880a6a8062056801b83ff56d8464b70f65482b6c",
                "sha256:dc7039885fa1baf9be153a0626e337aa7ec8bf96b0128605fb0d77788ddc1681",
                "sha256:dccab8d5fa1ef9bfba0590ecf4d46df048d18ffe3eec01eeb73a42e0d9e7a8ba",
                "sha256:dedb8adb91d11846ee08bec4c8236c8549ac721c245678282dcb06b221aab59f",
                "sha256:e45ba65510e2647721e35323d6ef54c7974959f6081b58d4ef5d87c60c84919a",
                "sha256:e53efc7c7cee4c1e70661e2e112ca46a575f90ed9ae3fef200f2a25e954f4b28",
                "sha256:e635b87f01ebc977342e2697d05b56632f5f879a4f15955dfe8cef2448b51691",
                "sha256:e70e990b2137b29dc5564715de1e12701815dacc1d056308e2b17e9095372a82",
                "sha256:e8082b26888e2f8b36a042a58307d5b917ef2b1cacab921ad3323ef91901c71a",
                "sha256:e8323a9b031aa0393768b87f04b4164a40037fb2a3c11ac06a03ffecd3618027",
                "sha256:e92fca20c46e9f5e1bb485887d074918b13543b1c2a1185e69bb8d17ab6236a7",
                "sha256:eb30abc20df9ab0814b5a2524f23d75dcf83cde762c161917a2b4b7b55b1e518",
                "sha256:eba9904b0f38a143592d9fc0e19e2df0fa2e41c3c3745554761c5f6447eedabf",
                "sha256:ef8de666d6179b009dce7bcb2ad4c4a779f113f12caf8dc77f0162c29d20490b",
                "sha256:efd387a49825780ff861998cd959767800d54f8308936b21025326de4b5a42b9",
                "sha256:f0aa37f3c979cf2546b73e8222bbfa3dc07a641585340179d768068e3455e544",
                "sha256:f4074c5a429281bf056ddd4c5d3b740ebca4d43ffffe2ef4bf4d2d05114299da",
                "sha256:f69a27e45c43520f5487f27627059b64aaf160415589230992cec34c5e18a509",
                "sha256:fb707f3e15060adf5b7ada797624a6c6e0138e2a26baa089df64c68ee98e040f",
                "sha256:fcbe676a55d7445b22c10967bceaaf0ee69407fbe0ece4d032b6eb8d4565982a",
                "sha256:fdb20a30fe1175ecabed17cbf7812f7b804b8a315a25f24678bcdf120a90077f"
            ],
            "markers": "python_version >= '3.7'",
            "version": "==3.4.2"
        },
        "defusedxml": {
            "hashes": [
                "sha256:1bb3032db185915b62d7c6209c5a8792be6a32ab2fedacc84e01b52c51aa3e69",
                "sha256:a352e7e428770286cc899e2542b6cdaedb2b4953ff269a210103ec58f6198a61"
            ],
            "markers": "python_version >= '2.7' and python_version not in '3.0, 3.1, 3.2, 3.3, 3.4'",
            "version": "==0.7.1"
        },
        "httpie": {
            "hashes": [
                "sha256:302ad436c3dc14fd0d1b19d4572ef8d62b146bcd94b505f3c2521f701e2e7a2a",
                "sha256:4bd0435cc4b9bca59501bc65089de96f3e93b393803f32a81951db62050ebf0b"
            ],
            "index": "pypi",
            "markers": "python_version >= '3.7'",
            "version": "==3.2.4"
        },
        "idna": {
            "hashes": [
                "sha256:12f65c9b470abda6dc35cf8e63cc574b1c52b11df2c86030af0ac09b01b13ea9",
                "sha256:946d195a0d259cbba61165e88e65941f16e9b36ea6ddb97f00452bae8b1287d3"
            ],
            "markers": "python_version >= '3.6'",
            "version": "==3.10"
        },
        "markdown-it-py": {
            "hashes": [
                "sha256:355216845c60bd96232cd8d8c40e8f9765cc86f46880e43a8fd22dc1a1a8cab1",
                "sha256:e3f60a94fa066dc52ec76661e37c851cb232d92f9886b15cb560aaada2df8feb"
            ],
            "markers": "python_version >= '3.8'",
            "version": "==3.0.0"
        },
        "mdurl": {
            "hashes": [
                "sha256:84008a41e51615a49fc9966191ff91509e3c40b939176e643fd50a5c2196b8f8",
                "sha256:bb413d29f5eea38f31dd4754dd7377d4465116fb207585f97bf925588687c1ba"
            ],
            "markers": "python_version >= '3.7'",
            "version": "==0.1.2"
        },
        "multidict": {
            "hashes": [
                "sha256:032efeab3049e37eef2ff91271884303becc9e54d740b492a93b7e7266e23756",
                "sha256:062428944a8dc69df9fdc5d5fc6279421e5f9c75a9ee3f586f274ba7b05ab3c8",
                "sha256:0bb8f8302fbc7122033df959e25777b0b7659b1fd6bcb9cb6bed76b5de67afef",
                "sha256:0d4b31f8a68dccbcd2c0ea04f0e014f1defc6b78f0eb8b35f2265e8716a6df0c",
                "sha256:0ecdc12ea44bab2807d6b4a7e5eef25109ab1c82a8240d86d3c1fc9f3b72efd5",
                "sha256:0ee1bf613c448997f73fc4efb4ecebebb1c02268028dd4f11f011f02300cf1e8",
                "sha256:11990b5c757d956cd1db7cb140be50a63216af32cd6506329c2c59d732d802db",
                "sha256:1535cec6443bfd80d028052e9d17ba6ff8a5a3534c51d285ba56c18af97e9713",
                "sha256:1748cb2743bedc339d63eb1bca314061568793acd603a6e37b09a326334c9f44",
                "sha256:1b2019317726f41e81154df636a897de1bfe9228c3724a433894e44cd2512378",
                "sha256:1c152c49e42277bc9a2f7b78bd5fa10b13e88d1b0328221e7aef89d5c60a99a5",
                "sha256:1f1c2f58f08b36f8475f3ec6f5aeb95270921d418bf18f90dffd6be5c7b0e676",
                "sha256:1f4e0334d7a555c63f5c8952c57ab6f1c7b4f8c7f3442df689fc9f03df315c08",
                "sha256:1f6f90700881438953eae443a9c6f8a509808bc3b185246992c4233ccee37fea",
                "sha256:224b79471b4f21169ea25ebc37ed6f058040c578e50ade532e2066562597b8a9",
                "sha256:236966ca6c472ea4e2d3f02f6673ebfd36ba3f23159c323f5a496869bc8e47c9",
                "sha256:2427370f4a255262928cd14533a70d9738dfacadb7563bc3b7f704cc2360fc4e",
                "sha256:24a8caa26521b9ad09732972927d7b45b66453e6ebd91a3c6a46d811eeb7349b",
                "sha256:255dac25134d2b141c944b59a0d2f7211ca12a6d4779f7586a98b4b03ea80508",
                "sha256:26ae9ad364fc61b936fb7bf4c9d8bd53f3a5b4417142cd0be5c509d6f767e2f1",
                "sha256:2e329114f82ad4b9dd291bef614ea8971ec119ecd0f54795109976de75c9a852",
                "sha256:3002a856367c0b41cad6784f5b8d3ab008eda194ed7864aaa58f65312e2abcac",
                "sha256:30a3ebdc068c27e9d6081fca0e2c33fdf132ecea703a72ea216b81a66860adde",
                "sha256:30c433a33be000dd968f5750722eaa0991037be0be4a9d453eba121774985bc8",
                "sha256:31469d5832b5885adeb70982e531ce86f8c992334edd2f2254a10fa3182ac504",
                "sha256:32a998bd8a64ca48616eac5a8c1cc4fa38fb244a3facf2eeb14abe186e0f6cc5",
                "sha256:3307b48cd156153b117c0ea54890a3bdbf858a5b296ddd40dc3852e5f16e9b02",
                "sha256:389cfefb599edf3fcfd5f64c0410da686f90f5f5e2c4d84e14f6797a5a337af4",
                "sha256:3ada0b058c9f213c5f95ba301f922d402ac234f1111a7d8fd70f1b99f3c281ec",
                "sha256:3b73e7227681f85d19dec46e5b881827cd354aabe46049e1a61d2f9aaa4e285a",
                "sha256:3ccdde001578347e877ca4f629450973c510e88e8865d5aefbcb89b852ccc666",
                "sha256:3cd06d88cb7398252284ee75c8db8e680aa0d321451132d0dba12bc995f0adcc",
                "sha256:3cf62f8e447ea2c1395afa289b332e49e13d07435369b6f4e41f887db65b40bf",
                "sha256:3d75e621e7d887d539d6e1d789f0c64271c250276c333480a9e1de089611f790",
                "sha256:422a5ec315018e606473ba1f5431e064cf8b2a7468019233dcf8082fabad64c8",
                "sha256:43173924fa93c7486402217fab99b60baf78d33806af299c56133a3755f69589",
                "sha256:43fe10524fb0a0514be3954be53258e61d87341008ce4914f8e8b92bee6f875d",
                "sha256:4543d8dc6470a82fde92b035a92529317191ce993533c3c0c68f56811164ed07",
                "sha256:4eb33b0bdc50acd538f45041f5f19945a1f32b909b76d7b117c0c25d8063df56",
                "sha256:5427a2679e95a642b7f8b0f761e660c845c8e6fe3141cddd6b62005bd133fc21",
                "sha256:578568c4ba5f2b8abd956baf8b23790dbfdc953e87d5b110bce343b4a54fc9e7",
                "sha256:59fe01ee8e2a1e8ceb3f6dbb216b09c8d9f4ef1c22c4fc825d045a147fa2ebc9",
                "sha256:5e3929269e9d7eff905d6971d8b8c85e7dbc72c18fb99c8eae6fe0a152f2e343",
                "sha256:61ed4d82f8a1e67eb9eb04f8587970d78fe7cddb4e4d6230b77eda23d27938f9",
                "sha256:64bc2bbc5fba7b9db5c2c8d750824f41c6994e3882e6d73c903c2afa78d091e4",
                "sha256:659318c6c8a85f6ecfc06b4e57529e5a78dfdd697260cc81f683492ad7e9435a",
                "sha256:66eb80dd0ab36dbd559635e62fba3083a48a252633164857a1d1684f14326427",
                "sha256:6b5a272bc7c36a2cd1b56ddc6bff02e9ce499f9f14ee4a45c45434ef083f2459",
                "sha256:6d79cf5c0c6284e90f72123f4a3e4add52d6c6ebb4a9054e88df15b8d08444c6",
                "sha256:7146a8742ea71b5d7d955bffcef58a9e6e04efba704b52a460134fefd10a8208",
                "sha256:740915eb776617b57142ce0bb13b7596933496e2f798d3d15a20614adf30d229",
                "sha256:75482f43465edefd8a5d72724887ccdcd0c83778ded8f0cb1e0594bf71736cc0",
                "sha256:7a76534263d03ae0cfa721fea40fd2b5b9d17a6f85e98025931d41dc49504474",
                "sha256:7d50d4abf6729921e9613d98344b74241572b751c6b37feed75fb0c37bd5a817",
                "sha256:805031c2f599eee62ac579843555ed1ce389ae00c7e9f74c2a1b45e0564a88dd",
                "sha256:8aac2eeff69b71f229a405c0a4b61b54bade8e10163bc7b44fcd257949620618",
                "sha256:8b6fcf6054fc4114a27aa865f8840ef3d675f9316e81868e0ad5866184a6cba5",
                "sha256:8bd2b875f4ca2bb527fe23e318ddd509b7df163407b0fb717df229041c6df5d3",
                "sha256:8eac0c49df91b88bf91f818e0a24c1c46f3622978e2c27035bfdca98e0e18124",
                "sha256:909f7d43ff8f13d1adccb6a397094adc369d4da794407f8dd592c51cf0eae4b1",
                "sha256:995015cf4a3c0d72cbf453b10a999b92c5629eaf3a0c3e1efb4b5c1f602253bb",
                "sha256:99592bd3162e9c664671fd14e578a33bfdba487ea64bcb41d281286d3c870ad7",
                "sha256:9c64f4ddb3886dd8ab71b68a7431ad4aa01a8fa5be5b11543b29674f29ca0ba3",
                "sha256:9e78006af1a7c8a8007e4f56629d7252668344442f66982368ac06522445e375",
                "sha256:9f35de41aec4b323c71f54b0ca461ebf694fb48bec62f65221f52e0017955b39",
                "sha256:a059ad6b80de5b84b9fa02a39400319e62edd39d210b4e4f8c4f1243bdac4752",
                "sha256:a2b0fabae7939d09d7d16a711468c385272fa1b9b7fb0d37e51143585d8e72e0",
                "sha256:a54ec568f1fc7f3c313c2f3b16e5db346bf3660e1309746e7fccbbfded856188",
                "sha256:a62d78a1c9072949018cdb05d3c533924ef8ac9bcb06cbf96f6d14772c5cd451",
                "sha256:a7bd27f7ab3204f16967a6f899b3e8e9eb3362c0ab91f2ee659e0345445e0078",
                "sha256:a7be07e5df178430621c716a63151165684d3e9958f2bbfcb644246162007ab7",
                "sha256:ab583ac203af1d09034be41458feeab7863c0635c650a16f15771e1386abf2d7",
                "sha256:abcfed2c4c139f25c2355e180bcc077a7cae91eefbb8b3927bb3f836c9586f1f",
                "sha256:acc9fa606f76fc111b4569348cc23a771cb52c61516dcc6bcef46d612edb483b",
                "sha256:ae93e0ff43b6f6892999af64097b18561691ffd835e21a8348a441e256592e1f",
                "sha256:b038f10e23f277153f86f95c777ba1958bcd5993194fda26a1d06fae98b2f00c",
                "sha256:b128dbf1c939674a50dd0b28f12c244d90e5015e751a4f339a96c54f7275e291",
                "sha256:b1b389ae17296dd739015d5ddb222ee99fd66adeae910de21ac950e00979d897",
                "sha256:b57e28dbc031d13916b946719f213c494a517b442d7b48b29443e79610acd887",
                "sha256:b90e27b4674e6c405ad6c64e515a505c6d113b832df52fdacb6b1ffd1fa9a1d1",
                "sha256:b9cb19dfd83d35b6ff24a4022376ea6e45a2beba8ef3f0836b8a4b288b6ad685",
                "sha256:ba46b51b6e51b4ef7bfb84b82f5db0dc5e300fb222a8a13b8cd4111898a869cf",
                "sha256:be8751869e28b9c0d368d94f5afcb4234db66fe8496144547b4b6d6a0645cfc6",
                "sha256:c23831bdee0a2a3cf21be057b5e5326292f60472fb6c6f86392bbf0de70ba731",
                "sha256:c2e98c840c9c8e65c0e04b40c6c5066c8632678cd50c8721fdbcd2e09f21a507",
                "sha256:c56c179839d5dcf51d565132185409d1d5dd8e614ba501eb79023a6cab25576b",
                "sha256:c605a2b2dc14282b580454b9b5d14ebe0668381a3a26d0ac39daa0ca115eb2ae",
                "sha256:ce5b3082e86aee80b3925ab4928198450d8e5b6466e11501fe03ad2191c6d777",
                "sha256:d4e8535bd4d741039b5aad4285ecd9b902ef9e224711f0b6afda6e38d7ac02c7",
                "sha256:daeac9dd30cda8703c417e4fddccd7c4dc0c73421a0b54a7da2713be125846be",
                "sha256:dd53893675b729a965088aaadd6a1f326a72b83742b056c1065bdd2e2a42b4df",
                "sha256:e1eb72c741fd24d5a28242ce72bb61bc91f8451877131fa3fe930edb195f7054",
                "sha256:e413152e3212c4d39f82cf83c6f91be44bec9ddea950ce17af87fbf4e32ca6b2",
                "sha256:ead46b0fa1dcf5af503a46e9f1c2e80b5d95c6011526352fa5f42ea201526124",
                "sha256:eccb67b0e78aa2e38a04c5ecc13bab325a43e5159a181a9d1a6723db913cbb3c",
                "sha256:edf74dc5e212b8c75165b435c43eb0d5e81b6b300a938a4eb82827119115e840",
                "sha256:f2882bf27037eb687e49591690e5d491e677272964f9ec7bc2abbe09108bdfb8",
                "sha256:f6f19170197cc29baccd33ccc5b5d6a331058796485857cf34f7635aa25fb0cd",
                "sha256:f84627997008390dd15762128dcf73c3365f4ec0106739cde6c20a07ed198ec8",
                "sha256:f901a5aace8e8c25d78960dcc24c870c8d356660d3b49b93a78bf38eb682aac3",
                "sha256:f92c7f62d59373cd93bc9969d2da9b4b21f78283b1379ba012f7ee8127b3152e",
                "sha256:fb6214fe1750adc2a1b801a199d64b5a67671bf76ebf24c730b157846d0e90d2",
                "sha256:fbd8d737867912b6c5f99f56782b8cb81f978a97b4437a1c476de90a3e41c9a1",
                "sha256:fbf226ac85f7d6b6b9ba77db4ec0704fde88463dc17717aec78ec3c8546c70ad"
            ],
            "markers": "python_version >= '3.9'",
            "version": "==6.4.3"
        },
        "pip": {
            "hashes": [
                "sha256:2913a38a2abf4ea6b64ab507bd9e967f3b53dc1ede74b01b0931e1ce548751af",
                "sha256:3de45d411d308d5054c2168185d8da7f9a2cd753dbac8acbfa88a8909ecd9077"
            ],
            "markers": "python_version >= '3.9'",
            "version": "==25.1.1"
        },
        "pygments": {
            "hashes": [
                "sha256:61c16d2a8576dc0649d9f39e089b5f02bcd27fba10d8fb4dcc28173f7a45151f",
                "sha256:9ea1544ad55cecf4b8242fab6dd35a93bbce657034b0611ee383099054ab6d8c"
            ],
            "markers": "python_version >= '3.8'",
            "version": "==2.19.1"
        },
        "pysocks": {
            "hashes": [
                "sha256:08e69f092cc6dbe92a0fdd16eeb9b9ffbc13cadfe5ca4c7bd92ffb078b293299",
                "sha256:2725bd0a9925919b9b51739eea5f9e2bae91e83288108a9ad338b2e3a4435ee5",
                "sha256:3f8804571ebe159c380ac6de37643bb4685970655d3bba243530d6558b799aa0"
            ],
            "markers": "python_version >= '2.7' and python_version not in '3.0, 3.1, 3.2, 3.3'",
            "version": "==1.7.1"
        },
        "requests": {
            "extras": [
                "socks"
            ],
            "hashes": [
                "sha256:55365417734eb18255590a9ff9eb97e9e1da868d4ccd6402399eaf68af20a760",
                "sha256:70761cfe03c773ceb22aa2f671b4757976145175cdfca038c02654d061d6dcc6"
            ],
            "markers": "python_version >= '3.8'",
            "version": "==2.32.3"
        },
        "requests-toolbelt": {
            "hashes": [
                "sha256:7681a0a3d047012b5bdc0ee37d7f8f07ebe76ab08caeccfc3921ce23c88d5bc6",
                "sha256:cccfdd665f0a24fcf4726e690f65639d272bb0637b9b92dfd91a5568ccf6bd06"
            ],
            "markers": "python_version >= '2.7' and python_version not in '3.0, 3.1, 3.2, 3.3'",
            "version": "==1.0.0"
        },
        "rich": {
            "hashes": [
                "sha256:1c9491e1951aac09caffd42f448ee3d04e58923ffe14993f6e83068dc395d7e0",
                "sha256:82f1bc23a6a21ebca4ae0c45af9bdbc492ed20231dcb63f297d6d1021a9d5725"
            ],
            "markers": "python_full_version >= '3.8.0'",
            "version": "==14.0.0"
        },
        "setuptools": {
            "hashes": [
                "sha256:ca5cc1069b85dc23070a6628e6bcecb3292acac802399c7f8edc0100619f9009",
                "sha256:f6ffc5f0142b1bd8d0ca94ee91b30c0ca862ffd50826da1ea85258a06fd94552"
            ],
            "markers": "python_version >= '3.9'",
            "version": "==80.7.1"
        },
        "urllib3": {
            "hashes": [
                "sha256:414bc6535b787febd7567804cc015fee39daab8ad86268f1310a9250697de466",
                "sha256:4e16665048960a0900c702d4a66415956a584919c03361cac9f1df5c5dd7e813"
            ],
            "markers": "python_version >= '3.9'",
            "version": "==2.4.0"
        }
    },
    "develop": {}
}
